
Microsoft Visual Studio Solution File, Format Version 12.00
Project("{FAE04EC0-301F-11D3-BF4B-00C04F79EFBC}") = "RadancyBankApplication.Api", "src/RadancyBankApplication.Api\RadancyBankApplication.Api.csproj", "{E9D3ED2F-6EC8-4AE3-B295-5F1CBCAFB58F}"
EndProject
Project("{FAE04EC0-301F-11D3-BF4B-00C04F79EFBC}") = "RadancyBankApplication.Core", "src/RadancyBankApplication.Core\RadancyBankApplication.Core.csproj", "{5B69D4E1-9BAA-4C8B-8BCB-C25537280D0B}"
EndProject
Project("{FAE04EC0-301F-11D3-BF4B-00C04F79EFBC}") = "RadancyBankApplication.Application", "src/RadancyBankApplication.Application\RadancyBankApplication.Application.csproj", "{23E7153E-582F-4E15-BBC3-E70AE87904AB}"
EndProject
Project("{FAE04EC0-301F-11D3-BF4B-00C04F79EFBC}") = "RadancyBankApplication.Infrastructure", "src/RadancyBankApplication.Infrastructure\RadancyBankApplication.Infrastructure.csproj", "{88005FD6-04C3-4B1B-A48A-C4D0226184B1}"
EndProject
Project("{2150E333-8FDC-42A3-9474-1A3956D46DE8}") = "src", "src", "{971975BD-ED92-48CA-B009-4DD83AEA0938}"
EndProject
Global
	GlobalSection(SolutionConfigurationPlatforms) = preSolution
		Debug|Any CPU = Debug|Any CPU
		Release|Any CPU = Release|Any CPU
	EndGlobalSection
	GlobalSection(ProjectConfigurationPlatforms) = postSolution
		{E9D3ED2F-6EC8-4AE3-B295-5F1CBCAFB58F}.Debug|Any CPU.ActiveCfg = Debug|Any CPU
		{E9D3ED2F-6EC8-4AE3-B295-5F1CBCAFB58F}.Debug|Any CPU.Build.0 = Debug|Any CPU
		{E9D3ED2F-6EC8-4AE3-B295-5F1CBCAFB58F}.Release|Any CPU.ActiveCfg = Release|Any CPU
		{E9D3ED2F-6EC8-4AE3-B295-5F1CBCAFB58F}.Release|Any CPU.Build.0 = Release|Any CPU
		{5B69D4E1-9BAA-4C8B-8BCB-C25537280D0B}.Debug|Any CPU.ActiveCfg = Debug|Any CPU
		{5B69D4E1-9BAA-4C8B-8BCB-C25537280D0B}.Debug|Any CPU.Build.0 = Debug|Any CPU
		{5B69D4E1-9BAA-4C8B-8BCB-C25537280D0B}.Release|Any CPU.ActiveCfg = Release|Any CPU
		{5B69D4E1-9BAA-4C8B-8BCB-C25537280D0B}.Release|Any CPU.Build.0 = Release|Any CPU
		{23E7153E-582F-4E15-BBC3-E70AE87904AB}.Debug|Any CPU.ActiveCfg = Debug|Any CPU
		{23E7153E-582F-4E15-BBC3-E70AE87904AB}.Debug|Any CPU.Build.0 = Debug|Any CPU
		{23E7153E-582F-4E15-BBC3-E70AE87904AB}.Release|Any CPU.ActiveCfg = Release|Any CPU
		{23E7153E-582F-4E15-BBC3-E70AE87904AB}.Release|Any CPU.Build.0 = Release|Any CPU
		{88005FD6-04C3-4B1B-A48A-C4D0226184B1}.Debug|Any CPU.ActiveCfg = Debug|Any CPU
		{88005FD6-04C3-4B1B-A48A-C4D0226184B1}.Debug|Any CPU.Build.0 = Debug|Any CPU
		{88005FD6-04C3-4B1B-A48A-C4D0226184B1}.Release|Any CPU.ActiveCfg = Release|Any CPU
		{88005FD6-04C3-4B1B-A48A-C4D0226184B1}.Release|Any CPU.Build.0 = Release|Any CPU
	EndGlobalSection
	GlobalSection(NestedProjects) = preSolution
		{E9D3ED2F-6EC8-4AE3-B295-5F1CBCAFB58F} = {971975BD-ED92-48CA-B009-4DD83AEA0938}
		{23E7153E-582F-4E15-BBC3-E70AE87904AB} = {971975BD-ED92-48CA-B009-4DD83AEA0938}
		{5B69D4E1-9BAA-4C8B-8BCB-C25537280D0B} = {971975BD-ED92-48CA-B009-4DD83AEA0938}
		{88005FD6-04C3-4B1B-A48A-C4D0226184B1} = {971975BD-ED92-48CA-B009-4DD83AEA0938}
	EndGlobalSection
EndGlobal
